
Microsoft Visual Studio Solution File, Format Version 12.00
# Visual Studio Version 17
VisualStudioVersion = 17.2.32616.157
MinimumVisualStudioVersion = 10.0.40219.1
Project("{FAE04EC0-301F-11D3-BF4B-00C04F79EFBC}") = "Shop", "Shop\Shop.csproj", "{880416E6-A45C-4564-9443-82370A07E3C7}"
EndProject
Global
	GlobalSection(SolutionConfigurationPlatforms) = preSolution
		Debug|Any CPU = Debug|Any CPU
		Release|Any CPU = Release|Any CPU
	EndGlobalSection
	GlobalSection(ProjectConfigurationPlatforms) = postSolution
		{880416E6-A45C-4564-9443-82370A07E3C7}.Debug|Any CPU.ActiveCfg = Debug|Any CPU
		{880416E6-A45C-4564-9443-82370A07E3C7}.Debug|Any CPU.Build.0 = Debug|Any CPU
		{880416E6-A45C-4564-9443-82370A07E3C7}.Release|Any CPU.ActiveCfg = Release|Any CPU
		{880416E6-A45C-4564-9443-82370A07E3C7}.Release|Any CPU.Build.0 = Release|Any CPU
	EndGlobalSection
	GlobalSection(SolutionProperties) = preSolution
		HideSolutionNode = FALSE
	EndGlobalSection
	GlobalSection(ExtensibilityGlobals) = postSolution
		SolutionGuid = {521491BB-40C5-4011-8D19-F00FC9AAE7D4}
	EndGlobalSection
EndGlobal
